
Microsoft Visual Studio Solution File, Format Version 12.00
# Visual Studio 15
VisualStudioVersion = 15.0.28010.2048
MinimumVisualStudioVersion = 10.0.40219.1
Project("{9A19103F-16F7-4668-BE54-9A1E7A4F7556}") = "MdlpApiClient", "MdlpApiClient\MdlpApiClient.csproj", "{3025C52D-0FE3-40E4-8F19-48D466181CA2}"
EndProject
Project("{9A19103F-16F7-4668-BE54-9A1E7A4F7556}") = "MdlpApiClient.Tests", "MdlpApiClient.Tests\MdlpApiClient.Tests.csproj", "{0338F2EB-F65B-4AA7-8206-878481C51887}"
EndProject
Global
	GlobalSection(SolutionConfigurationPlatforms) = preSolution
		Debug|Any CPU = Debug|Any CPU
		Release|Any CPU = Release|Any CPU
	EndGlobalSection
	GlobalSection(ProjectConfigurationPlatforms) = postSolution
		{3025C52D-0FE3-40E4-8F19-48D466181CA2}.Debug|Any CPU.ActiveCfg = Debug|Any CPU
		{3025C52D-0FE3-40E4-8F19-48D466181CA2}.Debug|Any CPU.Build.0 = Debug|Any CPU
		{3025C52D-0FE3-40E4-8F19-48D466181CA2}.Release|Any CPU.ActiveCfg = Release|Any CPU
		{3025C52D-0FE3-40E4-8F19-48D466181CA2}.Release|Any CPU.Build.0 = Release|Any CPU
		{0338F2EB-F65B-4AA7-8206-878481C51887}.Debug|Any CPU.ActiveCfg = Debug|Any CPU
		{0338F2EB-F65B-4AA7-8206-878481C51887}.Debug|Any CPU.Build.0 = Debug|Any CPU
		{0338F2EB-F65B-4AA7-8206-878481C51887}.Release|Any CPU.ActiveCfg = Release|Any CPU
		{0338F2EB-F65B-4AA7-8206-878481C51887}.Release|Any CPU.Build.0 = Release|Any CPU
	EndGlobalSection
	GlobalSection(SolutionProperties) = preSolution
		HideSolutionNode = FALSE
	EndGlobalSection
	GlobalSection(ExtensibilityGlobals) = postSolution
		SolutionGuid = {58F80898-954F-4A6B-8F0A-52616EF4E25E}
	EndGlobalSection
EndGlobal
